{
  "name": "@my-company/my-shop-system-test",
  "version": "1.0.0",
  "lockfileVersion": 3,
  "requires": true,
  "packages": {
    "": {
      "name": "@my-company/my-shop-system-test",
      "version": "1.0.0",
      "license": "CC0-1.0",
      "dependencies": {
        "@optivem/optivem-testing": "1.1.9",
        "playwright": "^1.55.0"
      },
      "devDependencies": {
        "@playwright/test": "^1.41.0",
        "@types/node": "^20.11.5",
        "ts-morph": "^28.0.0",
        "typescript": "^5.9.3"
      }
    },
    "node_modules/@optivem/optivem-testing": {
      "version": "1.1.9",
      "resolved": "https://registry.npmjs.org/@optivem/optivem-testing/-/optivem-testing-1.1.9.tgz",
      "integrity": "sha512-tz5ds3toryqlP9HzhS5DoMOyflnwXvdq4cZhLORbe6JMOvS7qvoytvIAxfvbHJZ1/9YSEwOs4HMn83EZ08BNpg==",
      "peerDependencies": {
        "@playwright/test": ">=1.40.0"
      }
    },
    "node_modules/@playwright/test": {
      "version": "1.59.1",
      "resolved": "https://registry.npmjs.org/@playwright/test/-/test-1.59.1.tgz",
      "integrity": "sha512-PG6q63nQg5c9rIi4/Z5lR5IVF7yU5MqmKaPOe0HSc0O2cX1fPi96sUQu5j7eo4gKCkB2AnNGoWt7y4/Xx3Kcqg==",
      "license": "Apache-2.0",
      "dependencies": {
        "playwright": "1.59.1"
      },
      "bin": {
        "playwright": "cli.js"
      },
      "engines": {
        "node": ">=18"
      }
    },
    "node_modules/@ts-morph/common": {
      "version": "0.29.0",
      "resolved": "https://registry.npmjs.org/@ts-morph/common/-/common-0.29.0.tgz",
      "integrity": "sha512-35oUmphHbJvQ/+UTwFNme/t2p3FoKiGJ5auTjjpNTop2dyREspirjMy82PLSC1pnDJ8ah1GU98hwpVt64YXQsg==",
      "dev": true,
      "license": "MIT",
      "dependencies": {
        "minimatch": "^10.0.1",
        "path-browserify": "^1.0.1",
        "tinyglobby": "^0.2.14"
      }
    },
    "node_modules/@types/node": {
      "version": "20.19.39",
      "resolved": "https://registry.npmjs.org/@types/node/-/node-20.19.39.tgz",
      "integrity": "sha512-orrrD74MBUyK8jOAD/r0+lfa1I2MO6I+vAkmAWzMYbCcgrN4lCrmK52gRFQq/JRxfYPfonkr4b0jcY7Olqdqbw==",
      "dev": true,
      "license": "MIT",
      "dependencies": {
        "undici-types": "~6.21.0"
      }
    },
    "node_modules/balanced-match": {
      "version": "4.0.4",
      "resolved": "https://registry.npmjs.org/balanced-match/-/balanced-match-4.0.4.tgz",
      "integrity": "sha512-BLrgEcRTwX2o6gGxGOCNyMvGSp35YofuYzw9h1IMTRmKqttAZZVU67bdb9Pr2vUHA8+j3i2tJfjO6C6+4myGTA==",
      "dev": true,
      "license": "MIT",
      "engines": {
        "node": "18 || 20 || >=22"
      }
    },
    "node_modules/brace-expansion": {
      "version": "5.0.6",
      "resolved": "https://registry.npmjs.org/brace-expansion/-/brace-expansion-5.0.6.tgz",
      "integrity": "sha512-kLpxurY4Z4r9sgMsyG0Z9uzsBlgiU/EFKhj/h91/8yHu0edo7XuixOIH3VcJ8kkxs6/jPzoI6U9Vj3WqbMQ94g==",
      "dev": true,
      "license": "MIT",
      "dependencies": {
        "balanced-match": "^4.0.2"
      },
      "engines": {
        "node": "18 || 20 || >=22"
      }
    },
    "node_modules/code-block-writer": {
      "version": "13.0.3",
      "resolved": "https://registry.npmjs.org/code-block-writer/-/code-block-writer-13.0.3.tgz",
      "integrity": "sha512-Oofo0pq3IKnsFtuHqSF7TqBfr71aeyZDVJ0HpmqB7FBM2qEigL0iPONSCZSO9pE9dZTAxANe5XHG9Uy0YMv8cg==",
      "dev": true,
      "license": "MIT"
    },
    "node_modules/fdir": {
      "version": "6.5.0",
      "resolved": "https://registry.npmjs.org/fdir/-/fdir-6.5.0.tgz",
      "integrity": "sha512-tIbYtZbucOs0BRGqPJkshJUYdL+SDH7dVM8gjy+ERp3WAUjLEFJE+02kanyHtwjWOnwrKYBiwAmM0p4kLJAnXg==",
      "dev": true,
      "license": "MIT",
      "engines": {
        "node": ">=12.0.0"
      },
      "peerDependencies": {
        "picomatch": "^3 || ^4"
      },
      "peerDependenciesMeta": {
        "picomatch": {
          "optional": true
        }
      }
    },
    "node_modules/fsevents": {
      "version": "2.3.2",
      "resolved": "https://registry.npmjs.org/fsevents/-/fsevents-2.3.2.tgz",
      "integrity": "sha512-xiqMQR4xAeHTuB9uWm+fFRcIOgKBMiOBP+eXiyT7jsgVCq1bkVygt00oASowB7EdtpOHaaPgKt812P9ab+DDKA==",
      "hasInstallScript": true,
      "license": "MIT",
      "optional": true,
      "os": [
        "darwin"
      ],
      "engines": {
        "node": "^8.16.0 || ^10.6.0 || >=11.0.0"
      }
    },
    "node_modules/minimatch": {
      "version": "10.2.5",
      "resolved": "https://registry.npmjs.org/minimatch/-/minimatch-10.2.5.tgz",
      "integrity": "sha512-MULkVLfKGYDFYejP07QOurDLLQpcjk7Fw+7jXS2R2czRQzR56yHRveU5NDJEOviH+hETZKSkIk5c+T23GjFUMg==",
      "dev": true,
      "license": "BlueOak-1.0.0",
      "dependencies": {
        "brace-expansion": "^5.0.5"
      },
      "engines": {
        "node": "18 || 20 || >=22"
      },
      "funding": {
        "url": "https://github.com/sponsors/isaacs"
      }
    },
    "node_modules/path-browserify": {
      "version": "1.0.1",
      "resolved": "https://registry.npmjs.org/path-browserify/-/path-browserify-1.0.1.tgz",
      "integrity": "sha512-b7uo2UCUOYZcnF/3ID0lulOJi/bafxa1xPe7ZPsammBSpjSWQkjNxlt635YGS2MiR9GjvuXCtz2emr3jbsz98g==",
      "dev": true,
      "license": "MIT"
    },
    "node_modules/picomatch": {
      "version": "4.0.4",
      "resolved": "https://registry.npmjs.org/picomatch/-/picomatch-4.0.4.tgz",
      "integrity": "sha512-QP88BAKvMam/3NxH6vj2o21R6MjxZUAd6nlwAS/pnGvN9IVLocLHxGYIzFhg6fUQ+5th6P4dv4eW9jX3DSIj7A==",
      "dev": true,
      "license": "MIT",
      "engines": {
        "node": ">=12"
      },
      "funding": {
        "url": "https://github.com/sponsors/jonschlinkert"
      }
    },
    "node_modules/playwright": {
      "version": "1.59.1",
      "resolved": "https://registry.npmjs.org/playwright/-/playwright-1.59.1.tgz",
      "integrity": "sha512-C8oWjPR3F81yljW9o5OxcWzfh6avkVwDD2VYdwIGqTkl+OGFISgypqzfu7dOe4QNLL2aqcWBmI3PMtLIK233lw==",
      "license": "Apache-2.0",
      "dependencies": {
        "playwright-core": "1.59.1"
      },
      "bin": {
        "playwright": "cli.js"
      },
      "engines": {
        "node": ">=18"
      },
      "optionalDependencies": {
        "fsevents": "2.3.2"
      }
    },
    "node_modules/playwright-core": {
      "version": "1.59.1",
      "resolved": "https://registry.npmjs.org/playwright-core/-/playwright-core-1.59.1.tgz",
      "integrity": "sha512-HBV/RJg81z5BiiZ9yPzIiClYV/QMsDCKUyogwH9p3MCP6IYjUFu/MActgYAvK0oWyV9NlwM3GLBjADyWgydVyg==",
      "license": "Apache-2.0",
      "bin": {
        "playwright-core": "cli.js"
      },
      "engines": {
        "node": ">=18"
      }
    },
    "node_modules/tinyglobby": {
      "version": "0.2.17",
      "resolved": "https://registry.npmjs.org/tinyglobby/-/tinyglobby-0.2.17.tgz",
      "integrity": "sha512-wXR/dYpcqKmfWpEdZjiKJOwCNFndD0DMnrW/cYjVGttEkBfVgcLFHoNrlj47mjOVic9yyNu65alsgF4NQyTa2g==",
      "dev": true,
      "license": "MIT",
      "dependencies": {
        "fdir": "^6.5.0",
        "picomatch": "^4.0.4"
      },
      "engines": {
        "node": ">=12.0.0"
      },
      "funding": {
        "url": "https://github.com/sponsors/SuperchupuDev"
      }
    },
    "node_modules/ts-morph": {
      "version": "28.0.0",
      "resolved": "https://registry.npmjs.org/ts-morph/-/ts-morph-28.0.0.tgz",
      "integrity": "sha512-Wp3tnZ2bzwxyTZMtgWVzXDfm7lB1Drz+y9DmmYH/L702PQhPyVrp3pkou3yIz4qjS14GY9kcpmLiOOMvl8oG1g==",
      "dev": true,
      "license": "MIT",
      "dependencies": {
        "@ts-morph/common": "~0.29.0",
        "code-block-writer": "^13.0.3"
      }
    },
    "node_modules/typescript": {
      "version": "5.9.3",
      "resolved": "https://registry.npmjs.org/typescript/-/typescript-5.9.3.tgz",
      "integrity": "sha512-jl1vZzPDinLr9eUt3J/t7V6FgNEw9QjvBPdysz9KfQDD41fQrC2Y4vKQdiaUpFT4bXlb1RHhLpp8wtm6M5TgSw==",
      "dev": true,
      "license": "Apache-2.0",
      "bin": {
        "tsc": "bin/tsc",
        "tsserver": "bin/tsserver"
      },
      "engines": {
        "node": ">=14.17"
      }
    },
    "node_modules/undici-types": {
      "version": "6.21.0",
      "resolved": "https://registry.npmjs.org/undici-types/-/undici-types-6.21.0.tgz",
      "integrity": "sha512-iwDZqg0QAGrg9Rav5H4n0M64c3mkR59cJ6wQp+7C4nI0gsmExaedaYLNO44eT4AtBBwjbTiGPMlt2Md0T9H9JQ==",
      "dev": true,
      "license": "MIT"
    }
  }
}
